
Microsoft Visual Studio Solution File, Format Version 12.00
# Visual Studio Version 17
VisualStudioVersion = 17.7.34221.43
MinimumVisualStudioVersion = 10.0.40219.1
Project("{9A19103F-16F7-4668-BE54-9A1E7A4F7556}") = "Vezeeta", "Vezeeta.csproj", "{A4F24AF4-206E-4C56-954C-5C3B222019BE}"
EndProject
Project("{FAE04EC0-301F-11D3-BF4B-00C04F79EFBC}") = "DomainLayer", "..\DomainLayer\DomainLayer.csproj", "{C2E299C0-1D0B-44E6-BB9B-CADB2A331D41}"
EndProject
Project("{FAE04EC0-301F-11D3-BF4B-00C04F79EFBC}") = "RepositoryLayer", "..\RepositoryLayer\RepositoryLayer.csproj", "{BA995343-29BA-48EC-AF92-EBFD916E41EE}"
EndProject
Project("{FAE04EC0-301F-11D3-BF4B-00C04F79EFBC}") = "ServiceLayer", "..\ServiceLayer\ServiceLayer.csproj", "{C018E1BA-61E0-45E3-98DA-079F4862C508}"
EndProject
Global
	GlobalSection(SolutionConfigurationPlatforms) = preSolution
		Debug|Any CPU = Debug|Any CPU
		Release|Any CPU = Release|Any CPU
	EndGlobalSection
	GlobalSection(ProjectConfigurationPlatforms) = postSolution
		{A4F24AF4-206E-4C56-954C-5C3B222019BE}.Debug|Any CPU.ActiveCfg = Debug|Any CPU
		{A4F24AF4-206E-4C56-954C-5C3B222019BE}.Debug|Any CPU.Build.0 = Debug|Any CPU
		{A4F24AF4-206E-4C56-954C-5C3B222019BE}.Release|Any CPU.ActiveCfg = Release|Any CPU
		{A4F24AF4-206E-4C56-954C-5C3B222019BE}.Release|Any CPU.Build.0 = Release|Any CPU
		{C2E299C0-1D0B-44E6-BB9B-CADB2A331D41}.Debug|Any CPU.ActiveCfg = Debug|Any CPU
		{C2E299C0-1D0B-44E6-BB9B-CADB2A331D41}.Debug|Any CPU.Build.0 = Debug|Any CPU
		{C2E299C0-1D0B-44E6-BB9B-CADB2A331D41}.Release|Any CPU.ActiveCfg = Release|Any CPU
		{C2E299C0-1D0B-44E6-BB9B-CADB2A331D41}.Release|Any CPU.Build.0 = Release|Any CPU
		{BA995343-29BA-48EC-AF92-EBFD916E41EE}.Debug|Any CPU.ActiveCfg = Debug|Any CPU
		{BA995343-29BA-48EC-AF92-EBFD916E41EE}.Debug|Any CPU.Build.0 = Debug|Any CPU
		{BA995343-29BA-48EC-AF92-EBFD916E41EE}.Release|Any CPU.ActiveCfg = Release|Any CPU
		{BA995343-29BA-48EC-AF92-EBFD916E41EE}.Release|Any CPU.Build.0 = Release|Any CPU
		{C018E1BA-61E0-45E3-98DA-079F4862C508}.Debug|Any CPU.ActiveCfg = Debug|Any CPU
		{C018E1BA-61E0-45E3-98DA-079F4862C508}.Debug|Any CPU.Build.0 = Debug|Any CPU
		{C018E1BA-61E0-45E3-98DA-079F4862C508}.Release|Any CPU.ActiveCfg = Release|Any CPU
		{C018E1BA-61E0-45E3-98DA-079F4862C508}.Release|Any CPU.Build.0 = Release|Any CPU
	EndGlobalSection
	GlobalSection(SolutionProperties) = preSolution
		HideSolutionNode = FALSE
	EndGlobalSection
	GlobalSection(ExtensibilityGlobals) = postSolution
		SolutionGuid = {F35BBDDB-10F2-49E1-9FB1-23F60C7296F9}
	EndGlobalSection
EndGlobal
